// !$*UTF8*$!
{
	archiveVersion = 1;
	classes = {
	};
	objectVersion = 50;
	objects = {

/* Begin PBXBuildFile section */
		EDC1004426216C6600455F90 /* AppDelegate.swift in Sources */ = {isa = PBXBuildFile; fileRef = EDC1004326216C6600455F90 /* AppDelegate.swift */; };
		EDC1004626216C6600455F90 /* SceneDelegate.swift in Sources */ = {isa = PBXBuildFile; fileRef = EDC1004526216C6600455F90 /* SceneDelegate.swift */; };
		EDC1004826216C6600455F90 /* ViewController.swift in Sources */ = {isa = PBXBuildFile; fileRef = EDC1004726216C6600455F90 /* ViewController.swift */; };
		EDC1004B26216C6600455F90 /* Main.storyboard in Resources */ = {isa = PBXBuildFile; fileRef = EDC1004926216C6600455F90 /* Main.storyboard */; };
		EDC1004D26216C6600455F90 /* Assets.xcassets in Resources */ = {isa = PBXBuildFile; fileRef = EDC1004C26216C6600455F90 /* Assets.xcassets */; };
		EDC1005026216C6600455F90 /* LaunchScreen.storyboard in Resources */ = {isa = PBXBuildFile; fileRef = EDC1004E26216C6600455F90 /* LaunchScreen.storyboard */; };
		EDC1005D262171BF00455F90 /* FirstTab.storyboard in Resources */ = {isa = PBXBuildFile; fileRef = EDC1005C262171BF00455F90 /* FirstTab.storyboard */; };
		EDC100602621727400455F90 /* SecondTab.storyboard in Resources */ = {isa = PBXBuildFile; fileRef = EDC1005F2621727400455F90 /* SecondTab.storyboard */; };
/* End PBXBuildFile section */

/* Begin PBXFileReference section */
		EDC1004026216C6600455F90 /* SecondSenimar.app */ = {isa = PBXFileReference; explicitFileType = wrapper.application; includeInIndex = 0; path = SecondSenimar.app; sourceTree = BUILT_PRODUCTS_DIR; };
		EDC1004326216C6600455F90 /* AppDelegate.swift */ = {isa = PBXFileReference; lastKnownFileType = sourcecode.swift; path = AppDelegate.swift; sourceTree = "<group>"; };
		EDC1004526216C6600455F90 /* SceneDelegate.swift */ = {isa = PBXFileReference; lastKnownFileType = sourcecode.swift; path = SceneDelegate.swift; sourceTree = "<group>"; };
		EDC1004726216C6600455F90 /* ViewController.swift */ = {isa = PBXFileReference; lastKnownFileType = sourcecode.swift; path = ViewController.swift; sourceTree = "<group>"; };
		EDC1004A26216C6600455F90 /* Base */ = {isa = PBXFileReference; lastKnownFileType = file.storyboard; name = Base; path = Base.lproj/Main.storyboard; sourceTree = "<group>"; };
		EDC1004C26216C6600455F90 /* Assets.xcassets */ = {isa = PBXFileReference; lastKnownFileType = folder.assetcatalog; path = Assets.xcassets; sourceTree = "<group>"; };
		EDC1004F26216C6600455F90 /* Base */ = {isa = PBXFileReference; lastKnownFileType = file.storyboard; name = Base; path = Base.lproj/LaunchScreen.storyboard; sourceTree = "<group>"; };
		EDC1005126216C6600455F90 /* Info.plist */ = {isa = PBXFileReference; lastKnownFileType = text.plist.xml; path = Info.plist; sourceTree = "<group>"; };
		EDC1005C262171BF00455F90 /* FirstTab.storyboard */ = {isa = PBXFileReference; lastKnownFileType = file.storyboard; path = FirstTab.storyboard; sourceTree = "<group>"; };
		EDC1005F2621727400455F90 /* SecondTab.storyboard */ = {isa = PBXFileReference; lastKnownFileType = file.storyboard; path = SecondTab.storyboard; sourceTree = "<group>"; };
/* End PBXFileReference section */

/* Begin PBXFrameworksBuildPhase section */
		EDC1003D26216C6500455F90 /* Frameworks */ = {
			isa = PBXFrameworksBuildPhase;
			buildActionMask = 2147483647;
			files = (
			);
			runOnlyForDeploymentPostprocessing = 0;
		};
/* End PBXFrameworksBuildPhase section */

/* Begin PBXGroup section */
		EDC1003726216C6500455F90 = {
			isa = PBXGroup;
			children = (
				EDC1004226216C6600455F90 /* SecondSenimar */,
				EDC1004126216C6600455F90 /* Products */,
			);
			sourceTree = "<group>";
		};
		EDC1004126216C6600455F90 /* Products */ = {
			isa = PBXGroup;
			children = (
				EDC1004026216C6600455F90 /* SecondSenimar.app */,
			);
			name = Products;
			sourceTree = "<group>";
		};
		EDC1004226216C6600455F90 /* SecondSenimar */ = {
			isa = PBXGroup;
			children = (
				EDC1005A26216C7D00455F90 /* Source */,
				EDC1005826216C7300455F90 /* Resource */,
			);
			path = SecondSenimar;
			sourceTree = "<group>";
		};
		EDC1005826216C7300455F90 /* Resource */ = {
			isa = PBXGroup;
			children = (
				EDC1005126216C6600455F90 /* Info.plist */,
				EDC1004526216C6600455F90 /* SceneDelegate.swift */,
				EDC1004E26216C6600455F90 /* LaunchScreen.storyboard */,
				EDC1004C26216C6600455F90 /* Assets.xcassets */,
				EDC1004326216C6600455F90 /* AppDelegate.swift */,
			);
			path = Resource;
			sourceTree = "<group>";
		};
		EDC1005A26216C7D00455F90 /* Source */ = {
			isa = PBXGroup;
			children = (
				EDC1004726216C6600455F90 /* ViewController.swift */,
				EDC1004926216C6600455F90 /* Main.storyboard */,
				EDC1005C262171BF00455F90 /* FirstTab.storyboard */,
				EDC1005F2621727400455F90 /* SecondTab.storyboard */,
			);
			path = Source;
			sourceTree = "<group>";
		};
/* End PBXGroup section */

/* Begin PBXNativeTarget section */
		EDC1003F26216C6500455F90 /* SecondSenimar */ = {
			isa = PBXNativeTarget;
			buildConfigurationList = EDC1005426216C6600455F90 /* Build configuration list for PBXNativeTarget "SecondSenimar" */;
			buildPhases = (
				EDC1003C26216C6500455F90 /* Sources */,
				EDC1003D26216C6500455F90 /* Frameworks */,
				EDC1003E26216C6500455F90 /* Resources */,
			);
			buildRules = (
			);
			dependencies = (
			);
			name = SecondSenimar;
			productName = SecondSenimar;
			productReference = EDC1004026216C6600455F90 /* SecondSenimar.app */;
			productType = "com.apple.product-type.application";
		};
/* End PBXNativeTarget section */

/* Begin PBXProject section */
		EDC1003826216C6500455F90 /* Project object */ = {
			isa = PBXProject;
			attributes = {
				LastSwiftUpdateCheck = 1240;
				LastUpgradeCheck = 1240;
				TargetAttributes = {
					EDC1003F26216C6500455F90 = {
						CreatedOnToolsVersion = 12.4;
					};
				};
			};
			buildConfigurationList = EDC1003B26216C6500455F90 /* Build configuration list for PBXProject "SecondSenimar" */;
			compatibilityVersion = "Xcode 9.3";
			developmentRegion = en;
			hasScannedForEncodings = 0;
			knownRegions = (
				en,
				Base,
			);
			mainGroup = EDC1003726216C6500455F90;
			productRefGroup = EDC1004126216C6600455F90 /* Products */;
			projectDirPath = "";
			projectRoot = "";
			targets = (
				EDC1003F26216C6500455F90 /* SecondSenimar */,
			);
		};
/* End PBXProject section */

/* Begin PBXResourcesBuildPhase section */
		EDC1003E26216C6500455F90 /* Resources */ = {
			isa = PBXResourcesBuildPhase;
			buildActionMask = 2147483647;
			files = (
				EDC1005026216C6600455F90 /* LaunchScreen.storyboard in Resources */,
				EDC1005D262171BF00455F90 /* FirstTab.storyboard in Resources */,
				EDC100602621727400455F90 /* SecondTab.storyboard in Resources */,
				EDC1004D26216C6600455F90 /* Assets.xcassets in Resources */,
				EDC1004B26216C6600455F90 /* Main.storyboard in Resources */,
			);
			runOnlyForDeploymentPostprocessing = 0;
		};
/* End PBXResourcesBuildPhase section */

/* Begin PBXSourcesBuildPhase section */
		EDC1003C26216C6500455F90 /* Sources */ = {
			isa = PBXSourcesBuildPhase;
			buildActionMask = 2147483647;
			files = (
				EDC1004826216C6600455F90 /* ViewController.swift in Sources */,
				EDC1004426216C6600455F90 /* AppDelegate.swift in Sources */,
				EDC1004626216C6600455F90 /* SceneDelegate.swift in Sources */,
			);
			runOnlyForDeploymentPostprocessing = 0;
		};
/* End PBXSourcesBuildPhase section */

/* Begin PBXVariantGroup section */
		EDC1004926216C6600455F90 /* Main.storyboard */ = {
			isa = PBXVariantGroup;
			children = (
				EDC1004A26216C6600455F90 /* Base */,
			);
			name = Main.storyboard;
			sourceTree = "<group>";
		};
		EDC1004E26216C6600455F90 /* LaunchScreen.storyboard */ = {
			isa = PBXVariantGroup;
			children = (
				EDC1004F26216C6600455F90 /* Base */,
			);
			name = LaunchScreen.storyboard;
			sourceTree = "<group>";
		};
/* End PBXVariantGroup section */

/* Begin XCBuildConfiguration section */
		EDC1005226216C6600455F90 /* Debug */ = {
			isa = XCBuildConfiguration;
			buildSettings = {
				ALWAYS_SEARCH_USER_PATHS = NO;
				CLANG_ANALYZER_NONNULL = YES;
				CLANG_ANALYZER_NUMBER_OBJECT_CONVERSION = YES_AGGRESSIVE;
				CLANG_CXX_LANGUAGE_STANDARD = "gnu++14";
				CLANG_CXX_LIBRARY = "libc++";
				CLANG_ENABLE_MODULES = YES;
				CLANG_ENABLE_OBJC_ARC = YES;
				CLANG_ENABLE_OBJC_WEAK = YES;
				CLANG_WARN_BLOCK_CAPTURE_AUTORELEASING = YES;
				CLANG_WARN_BOOL_CONVERSION = YES;
				CLANG_WARN_COMMA = YES;
				CLANG_WARN_CONSTANT_CONVERSION = YES;
				CLANG_WARN_DEPRECATED_OBJC_IMPLEMENTATIONS = YES;
				CLANG_WARN_DIRECT_OBJC_ISA_USAGE = YES_ERROR;
				CLANG_WARN_DOCUMENTATION_COMMENTS = YES;
				CLANG_WARN_EMPTY_BODY = YES;
				CLANG_WARN_ENUM_CONVERSION = YES;
				CLANG_WARN_INFINITE_RECURSION = YES;
				CLANG_WARN_INT_CONVERSION = YES;
				CLANG_WARN_NON_LITERAL_NULL_CONVERSION = YES;
				CLANG_WARN_OBJC_IMPLICIT_RETAIN_SELF = YES;
				CLANG_WARN_OBJC_LITERAL_CONVERSION = YES;
				CLANG_WARN_OBJC_ROOT_CLASS = YES_ERROR;
				CLANG_WARN_QUOTED_INCLUDE_IN_FRAMEWORK_HEADER = YES;
				CLANG_WARN_RANGE_LOOP_ANALYSIS = YES;
				CLANG_WARN_STRICT_PROTOTYPES = YES;
				CLANG_WARN_SUSPICIOUS_MOVE = YES;
				CLANG_WARN_UNGUARDED_AVAILABILITY = YES_AGGRESSIVE;
				CLANG_WARN_UNREACHABLE_CODE = YES;
				CLANG_WARN__DUPLICATE_METHOD_MATCH = YES;
				COPY_PHASE_STRIP = NO;
				DEBUG_INFORMATION_FORMAT = dwarf;
				ENABLE_STRICT_OBJC_MSGSEND = YES;
				ENABLE_TESTABILITY = YES;
				GCC_C_LANGUAGE_STANDARD = gnu11;
				GCC_DYNAMIC_NO_PIC = NO;
				GCC_NO_COMMON_BLOCKS = YES;
				GCC_OPTIMIZATION_LEVEL = 0;
				GCC_PREPROCESSOR_DEFINITIONS = (
					"DEBUG=1",
					"$(inherited)",
				);
				GCC_WARN_64_TO_32_BIT_CONVERSION = YES;
				GCC_WARN_ABOUT_RETURN_TYPE = YES_ERROR;
				GCC_WARN_UNDECLARED_SELECTOR = YES;
				GCC_WARN_UNINITIALIZED_AUTOS = YES_AGGRESSIVE;
				GCC_WARN_UNUSED_FUNCTION = YES;
				GCC_WARN_UNUSED_VARIABLE = YES;
				IPHONEOS_DEPLOYMENT_TARGET = 14.4;
				MTL_ENABLE_DEBUG_INFO = INCLUDE_SOURCE;
				MTL_FAST_MATH = YES;
				ONLY_ACTIVE_ARCH = YES;
				SDKROOT = iphoneos;
				SWIFT_ACTIVE_COMPILATION_CONDITIONS = DEBUG;
				SWIFT_OPTIMIZATION_LEVEL = "-Onone";
			};
			name = Debug;
		};
		EDC1005326216C6600455F90 /* Release */ = {
			isa = XCBuildConfiguration;
			buildSettings = {
				ALWAYS_SEARCH_USER_PATHS = NO;
				CLANG_ANALYZER_NONNULL = YES;
				CLANG_ANALYZER_NUMBER_OBJECT_CONVERSION = YES_AGGRESSIVE;
				CLANG_CXX_LANGUAGE_STANDARD = "gnu++14";
				CLANG_CXX_LIBRARY = "libc++";
				CLANG_ENABLE_MODULES = YES;
				CLANG_ENABLE_OBJC_ARC = YES;
				CLANG_ENABLE_OBJC_WEAK = YES;
				CLANG_WARN_BLOCK_CAPTURE_AUTORELEASING = YES;
				CLANG_WARN_BOOL_CONVERSION = YES;
				CLANG_WARN_COMMA = YES;
				CLANG_WARN_CONSTANT_CONVERSION = YES;
				CLANG_WARN_DEPRECATED_OBJC_IMPLEMENTATIONS = YES;
				CLANG_WARN_DIRECT_OBJC_ISA_USAGE = YES_ERROR;
				CLANG_WARN_DOCUMENTATION_COMMENTS = YES;
				CLANG_WARN_EMPTY_BODY = YES;
				CLANG_WARN_ENUM_CONVERSION = YES;
				CLANG_WARN_INFINITE_RECURSION = YES;
				CLANG_WARN_INT_CONVERSION = YES;
				CLANG_WARN_NON_LITERAL_NULL_CONVERSION = YES;
				CLANG_WARN_OBJC_IMPLICIT_RETAIN_SELF = YES;
				CLANG_WARN_OBJC_LITERAL_CONVERSION = YES;
				CLANG_WARN_OBJC_ROOT_CLASS = YES_ERROR;
				CLANG_WARN_QUOTED_INCLUDE_IN_FRAMEWORK_HEADER = YES;
				CLANG_WARN_RANGE_LOOP_ANALYSIS = YES;
				CLANG_WARN_STRICT_PROTOTYPES = YES;
				CLANG_WARN_SUSPICIOUS_MOVE = YES;
				CLANG_WARN_UNGUARDED_AVAILABILITY = YES_AGGRESSIVE;
				CLANG_WARN_UNREACHABLE_CODE = YES;
				CLANG_WARN__DUPLICATE_METHOD_MATCH = YES;
				COPY_PHASE_STRIP = NO;
				DEBUG_INFORMATION_FORMAT = "dwarf-with-dsym";
				ENABLE_NS_ASSERTIONS = NO;
				ENABLE_STRICT_OBJC_MSGSEND = YES;
				GCC_C_LANGUAGE_STANDARD = gnu11;
				GCC_NO_COMMON_BLOCKS = YES;
				GCC_WARN_64_TO_32_BIT_CONVERSION = YES;
				GCC_WARN_ABOUT_RETURN_TYPE = YES_ERROR;
				GCC_WARN_UNDECLARED_SELECTOR = YES;
				GCC_WARN_UNINITIALIZED_AUTOS = YES_AGGRESSIVE;
				GCC_WARN_UNUSED_FUNCTION = YES;
				GCC_WARN_UNUSED_VARIABLE = YES;
				IPHONEOS_DEPLOYMENT_TARGET = 14.4;
				MTL_ENABLE_DEBUG_INFO = NO;
				MTL_FAST_MATH = YES;
				SDKROOT = iphoneos;
				SWIFT_COMPILATION_MODE = wholemodule;
				SWIFT_OPTIMIZATION_LEVEL = "-O";
				VALIDATE_PRODUCT = YES;
			};
			name = Release;
		};
		EDC1005526216C6600455F90 /* Debug */ = {
			isa = XCBuildConfiguration;
			buildSettings = {
				ASSETCATALOG_COMPILER_APPICON_NAME = AppIcon;
				ASSETCATALOG_COMPILER_GLOBAL_ACCENT_COLOR_NAME = AccentColor;
				CODE_SIGN_STYLE = Automatic;
				INFOPLIST_FILE = SecondSenimar/Resource/Info.plist;
				LD_RUNPATH_SEARCH_PATHS = (
					"$(inherited)",
					"@executable_path/Frameworks",
				);
				PRODUCT_BUNDLE_IDENTIFIER = com.tiekle.SecondSenimar;
				PRODUCT_NAME = "$(TARGET_NAME)";
				SWIFT_VERSION = 5.0;
				TARGETED_DEVICE_FAMILY = "1,2";
			};
			name = Debug;
		};
		EDC1005626216C6600455F90 /* Release */ = {
			isa = XCBuildConfiguration;
			buildSettings = {
				ASSETCATALOG_COMPILER_APPICON_NAME = AppIcon;
				ASSETCATALOG_COMPILER_GLOBAL_ACCENT_COLOR_NAME = AccentColor;
				CODE_SIGN_STYLE = Automatic;
				INFOPLIST_FILE = SecondSenimar/Resource/Info.plist;
				LD_RUNPATH_SEARCH_PATHS = (
					"$(inherited)",
					"@executable_path/Frameworks",
				);
				PRODUCT_BUNDLE_IDENTIFIER = com.tiekle.SecondSenimar;
				PRODUCT_NAME = "$(TARGET_NAME)";
				SWIFT_VERSION = 5.0;
				TARGETED_DEVICE_FAMILY = "1,2";
			};
			name = Release;
		};
/* End XCBuildConfiguration section */

/* Begin XCConfigurationList section */
		EDC1003B26216C6500455F90 /* Build configuration list for PBXProject "SecondSenimar" */ = {
			isa = XCConfigurationList;
			buildConfigurations = (
				EDC1005226216C6600455F90 /* Debug */,
				EDC1005326216C6600455F90 /* Release */,
			);
			defaultConfigurationIsVisible = 0;
			defaultConfigurationName = Release;
		};
		EDC1005426216C6600455F90 /* Build configuration list for PBXNativeTarget "SecondSenimar" */ = {
			isa = XCConfigurationList;
			buildConfigurations = (
				EDC1005526216C6600455F90 /* Debug */,
				EDC1005626216C6600455F90 /* Release */,
			);
			defaultConfigurationIsVisible = 0;
			defaultConfigurationName = Release;
		};
/* End XCConfigurationList section */
	};
	rootObject = EDC1003826216C6500455F90 /* Project object */;
}
