// !$*UTF8*$!
{
	archiveVersion = 1;
	classes = {
	};
	objectVersion = 50;
	objects = {

/* Begin PBXBuildFile section */
		ED29CBDB2622C56F00337960 /* Tabbar.storyboard in Resources */ = {isa = PBXBuildFile; fileRef = ED29CBDA2622C56F00337960 /* Tabbar.storyboard */; };
		ED29CBE22622C62000337960 /* TabbarController.swift in Sources */ = {isa = PBXBuildFile; fileRef = ED29CBE12622C62000337960 /* TabbarController.swift */; };
		ED76BDC126252B90002FE2DB /* FriendList.storyboard in Resources */ = {isa = PBXBuildFile; fileRef = ED76BDC026252B90002FE2DB /* FriendList.storyboard */; };
		ED76BDC626252BB3002FE2DB /* FriendListVC.swift in Sources */ = {isa = PBXBuildFile; fileRef = ED76BDC526252BB3002FE2DB /* FriendListVC.swift */; };
		ED76BDC926252BCE002FE2DB /* Chat.storyboard in Resources */ = {isa = PBXBuildFile; fileRef = ED76BDC826252BCE002FE2DB /* Chat.storyboard */; };
		ED76BDCF26252C27002FE2DB /* ChatVC.swift in Sources */ = {isa = PBXBuildFile; fileRef = ED76BDCE26252C27002FE2DB /* ChatVC.swift */; };
		ED76BDD326252C36002FE2DB /* Infomation.storyboard in Resources */ = {isa = PBXBuildFile; fileRef = ED76BDD226252C36002FE2DB /* Infomation.storyboard */; };
		ED76BDD826252C4C002FE2DB /* InfoVC.swift in Sources */ = {isa = PBXBuildFile; fileRef = ED76BDD726252C4C002FE2DB /* InfoVC.swift */; };
		ED76BDDC26252C5B002FE2DB /* Shop.storyboard in Resources */ = {isa = PBXBuildFile; fileRef = ED76BDDB26252C5B002FE2DB /* Shop.storyboard */; };
		ED76BDE126252C6D002FE2DB /* ShopVC.swift in Sources */ = {isa = PBXBuildFile; fileRef = ED76BDE026252C6D002FE2DB /* ShopVC.swift */; };
		ED76BDE626252C86002FE2DB /* Setting.storyboard in Resources */ = {isa = PBXBuildFile; fileRef = ED76BDE526252C86002FE2DB /* Setting.storyboard */; };
		ED76BDEB26252C9A002FE2DB /* SettingVC.swift in Sources */ = {isa = PBXBuildFile; fileRef = ED76BDEA26252C9A002FE2DB /* SettingVC.swift */; };
		ED76BDF126253CA2002FE2DB /* ProfileVC.swift in Sources */ = {isa = PBXBuildFile; fileRef = ED76BDF026253CA2002FE2DB /* ProfileVC.swift */; };
		EDA51CEB261D4A7500EF615D /* AppDelegate.swift in Sources */ = {isa = PBXBuildFile; fileRef = EDA51CEA261D4A7500EF615D /* AppDelegate.swift */; };
		EDA51CED261D4A7500EF615D /* SceneDelegate.swift in Sources */ = {isa = PBXBuildFile; fileRef = EDA51CEC261D4A7500EF615D /* SceneDelegate.swift */; };
		EDA51CEF261D4A7500EF615D /* ViewController.swift in Sources */ = {isa = PBXBuildFile; fileRef = EDA51CEE261D4A7500EF615D /* ViewController.swift */; };
		EDA51CF2261D4A7500EF615D /* Main.storyboard in Resources */ = {isa = PBXBuildFile; fileRef = EDA51CF0261D4A7500EF615D /* Main.storyboard */; };
		EDA51CF4261D4A7600EF615D /* Assets.xcassets in Resources */ = {isa = PBXBuildFile; fileRef = EDA51CF3261D4A7600EF615D /* Assets.xcassets */; };
		EDA51CF7261D4A7600EF615D /* LaunchScreen.storyboard in Resources */ = {isa = PBXBuildFile; fileRef = EDA51CF5261D4A7600EF615D /* LaunchScreen.storyboard */; };
		EDA51D05261D4B2A00EF615D /* RegisterViewController.swift in Sources */ = {isa = PBXBuildFile; fileRef = EDA51D04261D4B2A00EF615D /* RegisterViewController.swift */; };
		EDA51D08261D4B3500EF615D /* CheckViewController.swift in Sources */ = {isa = PBXBuildFile; fileRef = EDA51D07261D4B3500EF615D /* CheckViewController.swift */; };
		EDA51D0B261D4F3700EF615D /* Extension+UITextField.swift in Sources */ = {isa = PBXBuildFile; fileRef = EDA51D0A261D4F3700EF615D /* Extension+UITextField.swift */; };
/* End PBXBuildFile section */

/* Begin PBXFileReference section */
		ED29CBDA2622C56F00337960 /* Tabbar.storyboard */ = {isa = PBXFileReference; lastKnownFileType = file.storyboard; path = Tabbar.storyboard; sourceTree = "<group>"; };
		ED29CBE12622C62000337960 /* TabbarController.swift */ = {isa = PBXFileReference; lastKnownFileType = sourcecode.swift; path = TabbarController.swift; sourceTree = "<group>"; };
		ED76BDC026252B90002FE2DB /* FriendList.storyboard */ = {isa = PBXFileReference; lastKnownFileType = file.storyboard; path = FriendList.storyboard; sourceTree = "<group>"; };
		ED76BDC526252BB3002FE2DB /* FriendListVC.swift */ = {isa = PBXFileReference; lastKnownFileType = sourcecode.swift; path = FriendListVC.swift; sourceTree = "<group>"; };
		ED76BDC826252BCE002FE2DB /* Chat.storyboard */ = {isa = PBXFileReference; lastKnownFileType = file.storyboard; path = Chat.storyboard; sourceTree = "<group>"; };
		ED76BDCE26252C27002FE2DB /* ChatVC.swift */ = {isa = PBXFileReference; lastKnownFileType = sourcecode.swift; path = ChatVC.swift; sourceTree = "<group>"; };
		ED76BDD226252C36002FE2DB /* Infomation.storyboard */ = {isa = PBXFileReference; lastKnownFileType = file.storyboard; path = Infomation.storyboard; sourceTree = "<group>"; };
		ED76BDD726252C4C002FE2DB /* InfoVC.swift */ = {isa = PBXFileReference; lastKnownFileType = sourcecode.swift; path = InfoVC.swift; sourceTree = "<group>"; };
		ED76BDDB26252C5B002FE2DB /* Shop.storyboard */ = {isa = PBXFileReference; lastKnownFileType = file.storyboard; path = Shop.storyboard; sourceTree = "<group>"; };
		ED76BDE026252C6D002FE2DB /* ShopVC.swift */ = {isa = PBXFileReference; lastKnownFileType = sourcecode.swift; path = ShopVC.swift; sourceTree = "<group>"; };
		ED76BDE526252C86002FE2DB /* Setting.storyboard */ = {isa = PBXFileReference; lastKnownFileType = file.storyboard; path = Setting.storyboard; sourceTree = "<group>"; };
		ED76BDEA26252C9A002FE2DB /* SettingVC.swift */ = {isa = PBXFileReference; lastKnownFileType = sourcecode.swift; path = SettingVC.swift; sourceTree = "<group>"; };
		ED76BDF026253CA2002FE2DB /* ProfileVC.swift */ = {isa = PBXFileReference; lastKnownFileType = sourcecode.swift; path = ProfileVC.swift; sourceTree = "<group>"; };
		EDA51CE7261D4A7500EF615D /* PA1.app */ = {isa = PBXFileReference; explicitFileType = wrapper.application; includeInIndex = 0; path = PA1.app; sourceTree = BUILT_PRODUCTS_DIR; };
		EDA51CEA261D4A7500EF615D /* AppDelegate.swift */ = {isa = PBXFileReference; lastKnownFileType = sourcecode.swift; path = AppDelegate.swift; sourceTree = "<group>"; };
		EDA51CEC261D4A7500EF615D /* SceneDelegate.swift */ = {isa = PBXFileReference; lastKnownFileType = sourcecode.swift; path = SceneDelegate.swift; sourceTree = "<group>"; };
		EDA51CEE261D4A7500EF615D /* ViewController.swift */ = {isa = PBXFileReference; lastKnownFileType = sourcecode.swift; path = ViewController.swift; sourceTree = "<group>"; };
		EDA51CF1261D4A7500EF615D /* Base */ = {isa = PBXFileReference; lastKnownFileType = file.storyboard; name = Base; path = Base.lproj/Main.storyboard; sourceTree = "<group>"; };
		EDA51CF3261D4A7600EF615D /* Assets.xcassets */ = {isa = PBXFileReference; lastKnownFileType = folder.assetcatalog; path = Assets.xcassets; sourceTree = "<group>"; };
		EDA51CF6261D4A7600EF615D /* Base */ = {isa = PBXFileReference; lastKnownFileType = file.storyboard; name = Base; path = Base.lproj/LaunchScreen.storyboard; sourceTree = "<group>"; };
		EDA51CF8261D4A7600EF615D /* Info.plist */ = {isa = PBXFileReference; lastKnownFileType = text.plist.xml; path = Info.plist; sourceTree = "<group>"; };
		EDA51D04261D4B2A00EF615D /* RegisterViewController.swift */ = {isa = PBXFileReference; lastKnownFileType = sourcecode.swift; path = RegisterViewController.swift; sourceTree = "<group>"; };
		EDA51D07261D4B3500EF615D /* CheckViewController.swift */ = {isa = PBXFileReference; lastKnownFileType = sourcecode.swift; path = CheckViewController.swift; sourceTree = "<group>"; };
		EDA51D0A261D4F3700EF615D /* Extension+UITextField.swift */ = {isa = PBXFileReference; lastKnownFileType = sourcecode.swift; path = "Extension+UITextField.swift"; sourceTree = "<group>"; };
/* End PBXFileReference section */

/* Begin PBXFrameworksBuildPhase section */
		EDA51CE4261D4A7500EF615D /* Frameworks */ = {
			isa = PBXFrameworksBuildPhase;
			buildActionMask = 2147483647;
			files = (
			);
			runOnlyForDeploymentPostprocessing = 0;
		};
/* End PBXFrameworksBuildPhase section */

/* Begin PBXGroup section */
		ED29CBDE2622C57D00337960 /* LoginScene */ = {
			isa = PBXGroup;
			children = (
				EDA51D03261D4B0100EF615D /* VC */,
				EDA51CF0261D4A7500EF615D /* Main.storyboard */,
			);
			path = LoginScene;
			sourceTree = "<group>";
		};
		ED29CBDF2622C59700337960 /* TabbarScene */ = {
			isa = PBXGroup;
			children = (
				ED29CBDA2622C56F00337960 /* Tabbar.storyboard */,
				ED29CBE02622C5FD00337960 /* VC */,
			);
			path = TabbarScene;
			sourceTree = "<group>";
		};
		ED29CBE02622C5FD00337960 /* VC */ = {
			isa = PBXGroup;
			children = (
				ED29CBE12622C62000337960 /* TabbarController.swift */,
			);
			path = VC;
			sourceTree = "<group>";
		};
		ED29CBE52622C6BD00337960 /* FriendListScene */ = {
			isa = PBXGroup;
			children = (
				ED76BDC026252B90002FE2DB /* FriendList.storyboard */,
				ED76BDC326252B94002FE2DB /* View */,
			);
			path = FriendListScene;
			sourceTree = "<group>";
		};
		ED29CBE62622C6D900337960 /* ChatScene */ = {
			isa = PBXGroup;
			children = (
				ED76BDC826252BCE002FE2DB /* Chat.storyboard */,
				ED76BDCC26252BDE002FE2DB /* View */,
			);
			path = ChatScene;
			sourceTree = "<group>";
		};
		ED29CBE72622C6E600337960 /* InfoScene */ = {
			isa = PBXGroup;
			children = (
				ED76BDD226252C36002FE2DB /* Infomation.storyboard */,
				ED76BDD526252C39002FE2DB /* View */,
			);
			path = InfoScene;
			sourceTree = "<group>";
		};
		ED29CBE82622C6F100337960 /* ShopScene */ = {
			isa = PBXGroup;
			children = (
				ED76BDDB26252C5B002FE2DB /* Shop.storyboard */,
				ED76BDDE26252C5E002FE2DB /* View */,
			);
			path = ShopScene;
			sourceTree = "<group>";
		};
		ED29CBE92622C6FB00337960 /* SettingScene */ = {
			isa = PBXGroup;
			children = (
				ED76BDE526252C86002FE2DB /* Setting.storyboard */,
				ED76BDE826252C8A002FE2DB /* View */,
			);
			path = SettingScene;
			sourceTree = "<group>";
		};
		ED76BDC326252B94002FE2DB /* View */ = {
			isa = PBXGroup;
			children = (
				ED76BDC426252B9A002FE2DB /* VC */,
			);
			path = View;
			sourceTree = "<group>";
		};
		ED76BDC426252B9A002FE2DB /* VC */ = {
			isa = PBXGroup;
			children = (
				ED76BDC526252BB3002FE2DB /* FriendListVC.swift */,
				ED76BDF026253CA2002FE2DB /* ProfileVC.swift */,
			);
			path = VC;
			sourceTree = "<group>";
		};
		ED76BDCC26252BDE002FE2DB /* View */ = {
			isa = PBXGroup;
			children = (
				ED76BDCD26252C15002FE2DB /* VC */,
			);
			path = View;
			sourceTree = "<group>";
		};
		ED76BDCD26252C15002FE2DB /* VC */ = {
			isa = PBXGroup;
			children = (
				ED76BDCE26252C27002FE2DB /* ChatVC.swift */,
			);
			path = VC;
			sourceTree = "<group>";
		};
		ED76BDD526252C39002FE2DB /* View */ = {
			isa = PBXGroup;
			children = (
				ED76BDD626252C3C002FE2DB /* VC */,
			);
			path = View;
			sourceTree = "<group>";
		};
		ED76BDD626252C3C002FE2DB /* VC */ = {
			isa = PBXGroup;
			children = (
				ED76BDD726252C4C002FE2DB /* InfoVC.swift */,
			);
			path = VC;
			sourceTree = "<group>";
		};
		ED76BDDE26252C5E002FE2DB /* View */ = {
			isa = PBXGroup;
			children = (
				ED76BDDF26252C60002FE2DB /* VC */,
			);
			path = View;
			sourceTree = "<group>";
		};
		ED76BDDF26252C60002FE2DB /* VC */ = {
			isa = PBXGroup;
			children = (
				ED76BDE026252C6D002FE2DB /* ShopVC.swift */,
			);
			path = VC;
			sourceTree = "<group>";
		};
		ED76BDE826252C8A002FE2DB /* View */ = {
			isa = PBXGroup;
			children = (
				ED76BDE926252C8E002FE2DB /* VC */,
			);
			path = View;
			sourceTree = "<group>";
		};
		ED76BDE926252C8E002FE2DB /* VC */ = {
			isa = PBXGroup;
			children = (
				ED76BDEA26252C9A002FE2DB /* SettingVC.swift */,
			);
			path = VC;
			sourceTree = "<group>";
		};
		EDA51CDE261D4A7500EF615D = {
			isa = PBXGroup;
			children = (
				EDA51CE9261D4A7500EF615D /* PA1 */,
				EDA51CE8261D4A7500EF615D /* Products */,
			);
			sourceTree = "<group>";
		};
		EDA51CE8261D4A7500EF615D /* Products */ = {
			isa = PBXGroup;
			children = (
				EDA51CE7261D4A7500EF615D /* PA1.app */,
			);
			name = Products;
			sourceTree = "<group>";
		};
		EDA51CE9261D4A7500EF615D /* PA1 */ = {
			isa = PBXGroup;
			children = (
				EDA51D00261D4A9200EF615D /* Resource */,
				EDA51CFF261D4A8900EF615D /* Source */,
			);
			path = PA1;
			sourceTree = "<group>";
		};
		EDA51CFF261D4A8900EF615D /* Source */ = {
			isa = PBXGroup;
			children = (
				ED29CBE92622C6FB00337960 /* SettingScene */,
				ED29CBE82622C6F100337960 /* ShopScene */,
				ED29CBE72622C6E600337960 /* InfoScene */,
				ED29CBE62622C6D900337960 /* ChatScene */,
				ED29CBE52622C6BD00337960 /* FriendListScene */,
				ED29CBDF2622C59700337960 /* TabbarScene */,
				ED29CBDE2622C57D00337960 /* LoginScene */,
				EDA51D01261D4AAE00EF615D /* Support */,
				EDA51D0D261D4FC400EF615D /* Extension */,
			);
			path = Source;
			sourceTree = "<group>";
		};
		EDA51D00261D4A9200EF615D /* Resource */ = {
			isa = PBXGroup;
			children = (
				EDA51CEC261D4A7500EF615D /* SceneDelegate.swift */,
				EDA51CF5261D4A7600EF615D /* LaunchScreen.storyboard */,
				EDA51CF3261D4A7600EF615D /* Assets.xcassets */,
				EDA51CF8261D4A7600EF615D /* Info.plist */,
			);
			path = Resource;
			sourceTree = "<group>";
		};
		EDA51D01261D4AAE00EF615D /* Support */ = {
			isa = PBXGroup;
			children = (
				EDA51CEA261D4A7500EF615D /* AppDelegate.swift */,
			);
			path = Support;
			sourceTree = "<group>";
		};
		EDA51D03261D4B0100EF615D /* VC */ = {
			isa = PBXGroup;
			children = (
				EDA51CEE261D4A7500EF615D /* ViewController.swift */,
				EDA51D04261D4B2A00EF615D /* RegisterViewController.swift */,
				EDA51D07261D4B3500EF615D /* CheckViewController.swift */,
			);
			path = VC;
			sourceTree = "<group>";
		};
		EDA51D0D261D4FC400EF615D /* Extension */ = {
			isa = PBXGroup;
			children = (
				EDA51D0A261D4F3700EF615D /* Extension+UITextField.swift */,
			);
			path = Extension;
			sourceTree = "<group>";
		};
/* End PBXGroup section */

/* Begin PBXNativeTarget section */
		EDA51CE6261D4A7500EF615D /* PA1 */ = {
			isa = PBXNativeTarget;
			buildConfigurationList = EDA51CFB261D4A7600EF615D /* Build configuration list for PBXNativeTarget "PA1" */;
			buildPhases = (
				EDA51CE3261D4A7500EF615D /* Sources */,
				EDA51CE4261D4A7500EF615D /* Frameworks */,
				EDA51CE5261D4A7500EF615D /* Resources */,
			);
			buildRules = (
			);
			dependencies = (
			);
			name = PA1;
			productName = PA1;
			productReference = EDA51CE7261D4A7500EF615D /* PA1.app */;
			productType = "com.apple.product-type.application";
		};
/* End PBXNativeTarget section */

/* Begin PBXProject section */
		EDA51CDF261D4A7500EF615D /* Project object */ = {
			isa = PBXProject;
			attributes = {
				LastSwiftUpdateCheck = 1240;
				LastUpgradeCheck = 1240;
				TargetAttributes = {
					EDA51CE6261D4A7500EF615D = {
						CreatedOnToolsVersion = 12.4;
					};
				};
			};
			buildConfigurationList = EDA51CE2261D4A7500EF615D /* Build configuration list for PBXProject "PA1" */;
			compatibilityVersion = "Xcode 9.3";
			developmentRegion = en;
			hasScannedForEncodings = 0;
			knownRegions = (
				en,
				Base,
			);
			mainGroup = EDA51CDE261D4A7500EF615D;
			productRefGroup = EDA51CE8261D4A7500EF615D /* Products */;
			projectDirPath = "";
			projectRoot = "";
			targets = (
				EDA51CE6261D4A7500EF615D /* PA1 */,
			);
		};
/* End PBXProject section */

/* Begin PBXResourcesBuildPhase section */
		EDA51CE5261D4A7500EF615D /* Resources */ = {
			isa = PBXResourcesBuildPhase;
			buildActionMask = 2147483647;
			files = (
				ED76BDDC26252C5B002FE2DB /* Shop.storyboard in Resources */,
				ED76BDC926252BCE002FE2DB /* Chat.storyboard in Resources */,
				ED76BDD326252C36002FE2DB /* Infomation.storyboard in Resources */,
				ED29CBDB2622C56F00337960 /* Tabbar.storyboard in Resources */,
				EDA51CF7261D4A7600EF615D /* LaunchScreen.storyboard in Resources */,
				ED76BDE626252C86002FE2DB /* Setting.storyboard in Resources */,
				EDA51CF4261D4A7600EF615D /* Assets.xcassets in Resources */,
				EDA51CF2261D4A7500EF615D /* Main.storyboard in Resources */,
				ED76BDC126252B90002FE2DB /* FriendList.storyboard in Resources */,
			);
			runOnlyForDeploymentPostprocessing = 0;
		};
/* End PBXResourcesBuildPhase section */

/* Begin PBXSourcesBuildPhase section */
		EDA51CE3261D4A7500EF615D /* Sources */ = {
			isa = PBXSourcesBuildPhase;
			buildActionMask = 2147483647;
			files = (
				ED76BDCF26252C27002FE2DB /* ChatVC.swift in Sources */,
				ED76BDEB26252C9A002FE2DB /* SettingVC.swift in Sources */,
				EDA51CEF261D4A7500EF615D /* ViewController.swift in Sources */,
				EDA51D0B261D4F3700EF615D /* Extension+UITextField.swift in Sources */,
				ED76BDC626252BB3002FE2DB /* FriendListVC.swift in Sources */,
				ED76BDD826252C4C002FE2DB /* InfoVC.swift in Sources */,
				ED76BDE126252C6D002FE2DB /* ShopVC.swift in Sources */,
				EDA51CEB261D4A7500EF615D /* AppDelegate.swift in Sources */,
				ED76BDF126253CA2002FE2DB /* ProfileVC.swift in Sources */,
				EDA51CED261D4A7500EF615D /* SceneDelegate.swift in Sources */,
				EDA51D08261D4B3500EF615D /* CheckViewController.swift in Sources */,
				EDA51D05261D4B2A00EF615D /* RegisterViewController.swift in Sources */,
				ED29CBE22622C62000337960 /* TabbarController.swift in Sources */,
			);
			runOnlyForDeploymentPostprocessing = 0;
		};
/* End PBXSourcesBuildPhase section */

/* Begin PBXVariantGroup section */
		EDA51CF0261D4A7500EF615D /* Main.storyboard */ = {
			isa = PBXVariantGroup;
			children = (
				EDA51CF1261D4A7500EF615D /* Base */,
			);
			name = Main.storyboard;
			sourceTree = "<group>";
		};
		EDA51CF5261D4A7600EF615D /* LaunchScreen.storyboard */ = {
			isa = PBXVariantGroup;
			children = (
				EDA51CF6261D4A7600EF615D /* Base */,
			);
			name = LaunchScreen.storyboard;
			sourceTree = "<group>";
		};
/* End PBXVariantGroup section */

/* Begin XCBuildConfiguration section */
		EDA51CF9261D4A7600EF615D /* Debug */ = {
			isa = XCBuildConfiguration;
			buildSettings = {
				ALWAYS_SEARCH_USER_PATHS = NO;
				CLANG_ANALYZER_NONNULL = YES;
				CLANG_ANALYZER_NUMBER_OBJECT_CONVERSION = YES_AGGRESSIVE;
				CLANG_CXX_LANGUAGE_STANDARD = "gnu++14";
				CLANG_CXX_LIBRARY = "libc++";
				CLANG_ENABLE_MODULES = YES;
				CLANG_ENABLE_OBJC_ARC = YES;
				CLANG_ENABLE_OBJC_WEAK = YES;
				CLANG_WARN_BLOCK_CAPTURE_AUTORELEASING = YES;
				CLANG_WARN_BOOL_CONVERSION = YES;
				CLANG_WARN_COMMA = YES;
				CLANG_WARN_CONSTANT_CONVERSION = YES;
				CLANG_WARN_DEPRECATED_OBJC_IMPLEMENTATIONS = YES;
				CLANG_WARN_DIRECT_OBJC_ISA_USAGE = YES_ERROR;
				CLANG_WARN_DOCUMENTATION_COMMENTS = YES;
				CLANG_WARN_EMPTY_BODY = YES;
				CLANG_WARN_ENUM_CONVERSION = YES;
				CLANG_WARN_INFINITE_RECURSION = YES;
				CLANG_WARN_INT_CONVERSION = YES;
				CLANG_WARN_NON_LITERAL_NULL_CONVERSION = YES;
				CLANG_WARN_OBJC_IMPLICIT_RETAIN_SELF = YES;
				CLANG_WARN_OBJC_LITERAL_CONVERSION = YES;
				CLANG_WARN_OBJC_ROOT_CLASS = YES_ERROR;
				CLANG_WARN_QUOTED_INCLUDE_IN_FRAMEWORK_HEADER = YES;
				CLANG_WARN_RANGE_LOOP_ANALYSIS = YES;
				CLANG_WARN_STRICT_PROTOTYPES = YES;
				CLANG_WARN_SUSPICIOUS_MOVE = YES;
				CLANG_WARN_UNGUARDED_AVAILABILITY = YES_AGGRESSIVE;
				CLANG_WARN_UNREACHABLE_CODE = YES;
				CLANG_WARN__DUPLICATE_METHOD_MATCH = YES;
				COPY_PHASE_STRIP = NO;
				DEBUG_INFORMATION_FORMAT = dwarf;
				ENABLE_STRICT_OBJC_MSGSEND = YES;
				ENABLE_TESTABILITY = YES;
				GCC_C_LANGUAGE_STANDARD = gnu11;
				GCC_DYNAMIC_NO_PIC = NO;
				GCC_NO_COMMON_BLOCKS = YES;
				GCC_OPTIMIZATION_LEVEL = 0;
				GCC_PREPROCESSOR_DEFINITIONS = (
					"DEBUG=1",
					"$(inherited)",
				);
				GCC_WARN_64_TO_32_BIT_CONVERSION = YES;
				GCC_WARN_ABOUT_RETURN_TYPE = YES_ERROR;
				GCC_WARN_UNDECLARED_SELECTOR = YES;
				GCC_WARN_UNINITIALIZED_AUTOS = YES_AGGRESSIVE;
				GCC_WARN_UNUSED_FUNCTION = YES;
				GCC_WARN_UNUSED_VARIABLE = YES;
				IPHONEOS_DEPLOYMENT_TARGET = 14.4;
				MTL_ENABLE_DEBUG_INFO = INCLUDE_SOURCE;
				MTL_FAST_MATH = YES;
				ONLY_ACTIVE_ARCH = YES;
				SDKROOT = iphoneos;
				SWIFT_ACTIVE_COMPILATION_CONDITIONS = DEBUG;
				SWIFT_OPTIMIZATION_LEVEL = "-Onone";
			};
			name = Debug;
		};
		EDA51CFA261D4A7600EF615D /* Release */ = {
			isa = XCBuildConfiguration;
			buildSettings = {
				ALWAYS_SEARCH_USER_PATHS = NO;
				CLANG_ANALYZER_NONNULL = YES;
				CLANG_ANALYZER_NUMBER_OBJECT_CONVERSION = YES_AGGRESSIVE;
				CLANG_CXX_LANGUAGE_STANDARD = "gnu++14";
				CLANG_CXX_LIBRARY = "libc++";
				CLANG_ENABLE_MODULES = YES;
				CLANG_ENABLE_OBJC_ARC = YES;
				CLANG_ENABLE_OBJC_WEAK = YES;
				CLANG_WARN_BLOCK_CAPTURE_AUTORELEASING = YES;
				CLANG_WARN_BOOL_CONVERSION = YES;
				CLANG_WARN_COMMA = YES;
				CLANG_WARN_CONSTANT_CONVERSION = YES;
				CLANG_WARN_DEPRECATED_OBJC_IMPLEMENTATIONS = YES;
				CLANG_WARN_DIRECT_OBJC_ISA_USAGE = YES_ERROR;
				CLANG_WARN_DOCUMENTATION_COMMENTS = YES;
				CLANG_WARN_EMPTY_BODY = YES;
				CLANG_WARN_ENUM_CONVERSION = YES;
				CLANG_WARN_INFINITE_RECURSION = YES;
				CLANG_WARN_INT_CONVERSION = YES;
				CLANG_WARN_NON_LITERAL_NULL_CONVERSION = YES;
				CLANG_WARN_OBJC_IMPLICIT_RETAIN_SELF = YES;
				CLANG_WARN_OBJC_LITERAL_CONVERSION = YES;
				CLANG_WARN_OBJC_ROOT_CLASS = YES_ERROR;
				CLANG_WARN_QUOTED_INCLUDE_IN_FRAMEWORK_HEADER = YES;
				CLANG_WARN_RANGE_LOOP_ANALYSIS = YES;
				CLANG_WARN_STRICT_PROTOTYPES = YES;
				CLANG_WARN_SUSPICIOUS_MOVE = YES;
				CLANG_WARN_UNGUARDED_AVAILABILITY = YES_AGGRESSIVE;
				CLANG_WARN_UNREACHABLE_CODE = YES;
				CLANG_WARN__DUPLICATE_METHOD_MATCH = YES;
				COPY_PHASE_STRIP = NO;
				DEBUG_INFORMATION_FORMAT = "dwarf-with-dsym";
				ENABLE_NS_ASSERTIONS = NO;
				ENABLE_STRICT_OBJC_MSGSEND = YES;
				GCC_C_LANGUAGE_STANDARD = gnu11;
				GCC_NO_COMMON_BLOCKS = YES;
				GCC_WARN_64_TO_32_BIT_CONVERSION = YES;
				GCC_WARN_ABOUT_RETURN_TYPE = YES_ERROR;
				GCC_WARN_UNDECLARED_SELECTOR = YES;
				GCC_WARN_UNINITIALIZED_AUTOS = YES_AGGRESSIVE;
				GCC_WARN_UNUSED_FUNCTION = YES;
				GCC_WARN_UNUSED_VARIABLE = YES;
				IPHONEOS_DEPLOYMENT_TARGET = 14.4;
				MTL_ENABLE_DEBUG_INFO = NO;
				MTL_FAST_MATH = YES;
				SDKROOT = iphoneos;
				SWIFT_COMPILATION_MODE = wholemodule;
				SWIFT_OPTIMIZATION_LEVEL = "-O";
				VALIDATE_PRODUCT = YES;
			};
			name = Release;
		};
		EDA51CFC261D4A7600EF615D /* Debug */ = {
			isa = XCBuildConfiguration;
			buildSettings = {
				ASSETCATALOG_COMPILER_APPICON_NAME = AppIcon;
				ASSETCATALOG_COMPILER_GLOBAL_ACCENT_COLOR_NAME = AccentColor;
				CODE_SIGN_STYLE = Automatic;
				INFOPLIST_FILE = PA1/Resource/Info.plist;
				LD_RUNPATH_SEARCH_PATHS = (
					"$(inherited)",
					"@executable_path/Frameworks",
				);
				PRODUCT_BUNDLE_IDENTIFIER = com.tiekle.PA1;
				PRODUCT_NAME = "$(TARGET_NAME)";
				SWIFT_VERSION = 5.0;
				TARGETED_DEVICE_FAMILY = "1,2";
			};
			name = Debug;
		};
		EDA51CFD261D4A7600EF615D /* Release */ = {
			isa = XCBuildConfiguration;
			buildSettings = {
				ASSETCATALOG_COMPILER_APPICON_NAME = AppIcon;
				ASSETCATALOG_COMPILER_GLOBAL_ACCENT_COLOR_NAME = AccentColor;
				CODE_SIGN_STYLE = Automatic;
				INFOPLIST_FILE = PA1/Resource/Info.plist;
				LD_RUNPATH_SEARCH_PATHS = (
					"$(inherited)",
					"@executable_path/Frameworks",
				);
				PRODUCT_BUNDLE_IDENTIFIER = com.tiekle.PA1;
				PRODUCT_NAME = "$(TARGET_NAME)";
				SWIFT_VERSION = 5.0;
				TARGETED_DEVICE_FAMILY = "1,2";
			};
			name = Release;
		};
/* End XCBuildConfiguration section */

/* Begin XCConfigurationList section */
		EDA51CE2261D4A7500EF615D /* Build configuration list for PBXProject "PA1" */ = {
			isa = XCConfigurationList;
			buildConfigurations = (
				EDA51CF9261D4A7600EF615D /* Debug */,
				EDA51CFA261D4A7600EF615D /* Release */,
			);
			defaultConfigurationIsVisible = 0;
			defaultConfigurationName = Release;
		};
		EDA51CFB261D4A7600EF615D /* Build configuration list for PBXNativeTarget "PA1" */ = {
			isa = XCConfigurationList;
			buildConfigurations = (
				EDA51CFC261D4A7600EF615D /* Debug */,
				EDA51CFD261D4A7600EF615D /* Release */,
			);
			defaultConfigurationIsVisible = 0;
			defaultConfigurationName = Release;
		};
/* End XCConfigurationList section */
	};
	rootObject = EDA51CDF261D4A7500EF615D /* Project object */;
}
